# @generated - this file is auto-generated by `mise lock` https://mise.jdx.dev/dev-tools/mise-lock.html

[[tools.communique]]
version = "0.1.9"
backend = "github:jdx/communique"

[tools.communique."platforms.linux-arm64"]
checksum = "sha256:fabce7391876734f9574e5dd3a247b65ce507d234a6c75991b24c903b24c470d"
url = "https://github.com/jdx/communique/releases/download/v0.1.9/communique-aarch64-unknown-linux-gnu.tar.gz"
url_api = "https://api.github.com/repos/jdx/communique/releases/assets/365200691"

[tools.communique."platforms.linux-arm64-musl"]
checksum = "sha256:fabce7391876734f9574e5dd3a247b65ce507d234a6c75991b24c903b24c470d"
url = "https://github.com/jdx/communique/releases/download/v0.1.9/communique-aarch64-unknown-linux-gnu.tar.gz"
url_api = "https://api.github.com/repos/jdx/communique/releases/assets/365200691"

[tools.communique."platforms.linux-x64"]
checksum = "sha256:b958c6046bab52febf958c94974e1ffcc450bff78c28d7233e179bfd73828912"
url = "https://github.com/jdx/communique/releases/download/v0.1.9/communique-x86_64-unknown-linux-gnu.tar.gz"
url_api = "https://api.github.com/repos/jdx/communique/releases/assets/365200146"

[tools.communique."platforms.linux-x64-musl"]
checksum = "sha256:b958c6046bab52febf958c94974e1ffcc450bff78c28d7233e179bfd73828912"
url = "https://github.com/jdx/communique/releases/download/v0.1.9/communique-x86_64-unknown-linux-gnu.tar.gz"
url_api = "https://api.github.com/repos/jdx/communique/releases/assets/365200146"

[tools.communique."platforms.macos-arm64"]
checksum = "sha256:76f1fe8593bf227cca2c089e3c16dc95014a8d3e89c5dd220530469ca043c428"
url = "https://github.com/jdx/communique/releases/download/v0.1.9/communique-aarch64-apple-darwin.tar.gz"
url_api = "https://api.github.com/repos/jdx/communique/releases/assets/365204202"

[tools.communique."platforms.windows-x64"]
checksum = "sha256:bac58b65996cf76b17dd731462efb71729abcd925a5f4aebf72bb186a0767430"
url = "https://github.com/jdx/communique/releases/download/v0.1.9/communique-x86_64-pc-windows-msvc.zip"
url_api = "https://api.github.com/repos/jdx/communique/releases/assets/365200066"

[[tools."github:aldanial/cloc"]]
version = "2.08"
backend = "github:aldanial/cloc"

[tools."github:aldanial/cloc"."platforms.linux-arm64"]
checksum = "sha256:ce3c86d1edb448728278079eff6d99687477b3c1fe84b2f1a4dc14cfb2f811dc"
url = "https://github.com/AlDanial/cloc/releases/download/v2.08/cloc-2.08.tar.gz"
url_api = "https://api.github.com/repos/AlDanial/cloc/releases/assets/345456081"

[tools."github:aldanial/cloc"."platforms.linux-arm64-musl"]
checksum = "sha256:ce3c86d1edb448728278079eff6d99687477b3c1fe84b2f1a4dc14cfb2f811dc"
url = "https://github.com/AlDanial/cloc/releases/download/v2.08/cloc-2.08.tar.gz"
url_api = "https://api.github.com/repos/AlDanial/cloc/releases/assets/345456081"

[tools."github:aldanial/cloc"."platforms.linux-x64"]
checksum = "sha256:ce3c86d1edb448728278079eff6d99687477b3c1fe84b2f1a4dc14cfb2f811dc"
url = "https://github.com/AlDanial/cloc/releases/download/v2.08/cloc-2.08.tar.gz"
url_api = "https://api.github.com/repos/AlDanial/cloc/releases/assets/345456081"

[tools."github:aldanial/cloc"."platforms.linux-x64-musl"]
checksum = "sha256:ce3c86d1edb448728278079eff6d99687477b3c1fe84b2f1a4dc14cfb2f811dc"
url = "https://github.com/AlDanial/cloc/releases/download/v2.08/cloc-2.08.tar.gz"
url_api = "https://api.github.com/repos/AlDanial/cloc/releases/assets/345456081"

[tools."github:aldanial/cloc"."platforms.macos-arm64"]
checksum = "sha256:ce3c86d1edb448728278079eff6d99687477b3c1fe84b2f1a4dc14cfb2f811dc"
url = "https://github.com/AlDanial/cloc/releases/download/v2.08/cloc-2.08.tar.gz"
url_api = "https://api.github.com/repos/AlDanial/cloc/releases/assets/345456081"

[tools."github:aldanial/cloc"."platforms.macos-x64"]
checksum = "sha256:ce3c86d1edb448728278079eff6d99687477b3c1fe84b2f1a4dc14cfb2f811dc"
url = "https://github.com/AlDanial/cloc/releases/download/v2.08/cloc-2.08.tar.gz"
url_api = "https://api.github.com/repos/AlDanial/cloc/releases/assets/345456081"

[tools."github:aldanial/cloc"."platforms.windows-x64"]
checksum = "sha256:ce3c86d1edb448728278079eff6d99687477b3c1fe84b2f1a4dc14cfb2f811dc"
url = "https://github.com/AlDanial/cloc/releases/download/v2.08/cloc-2.08.tar.gz"
url_api = "https://api.github.com/repos/AlDanial/cloc/releases/assets/345456081"

[[tools.hk]]
version = "1.44.1"
backend = "aqua:jdx/hk"

[tools.hk."platforms.linux-arm64"]
checksum = "sha256:248fae1d0cbc859c67f9e867e67e0cf69e5f93404c62c96efbe83f9ffe691442"
url = "https://github.com/jdx/hk/releases/download/v1.44.1/hk-aarch64-unknown-linux-gnu.tar.gz"

[tools.hk."platforms.linux-arm64-musl"]
checksum = "sha256:248fae1d0cbc859c67f9e867e67e0cf69e5f93404c62c96efbe83f9ffe691442"
url = "https://github.com/jdx/hk/releases/download/v1.44.1/hk-aarch64-unknown-linux-gnu.tar.gz"

[tools.hk."platforms.linux-x64"]
checksum = "sha256:6c50ef086268b5470a0da421505f0694d6cefcc8271abb8b50f2e4e4ded35eb6"
url = "https://github.com/jdx/hk/releases/download/v1.44.1/hk-x86_64-unknown-linux-gnu.tar.gz"

[tools.hk."platforms.linux-x64-musl"]
checksum = "sha256:6c50ef086268b5470a0da421505f0694d6cefcc8271abb8b50f2e4e4ded35eb6"
url = "https://github.com/jdx/hk/releases/download/v1.44.1/hk-x86_64-unknown-linux-gnu.tar.gz"

[tools.hk."platforms.macos-arm64"]
checksum = "sha256:c8e317df71ef6f2faa646db1e433b2208e2a4de54a6298e0c510f27d8191924b"
url = "https://github.com/jdx/hk/releases/download/v1.44.1/hk-aarch64-apple-darwin.tar.gz"

[tools.hk."platforms.windows-x64"]
checksum = "sha256:1ded329d70266fc3c4fe319ca48678614532ea7187ffd785d820e01bcdbf7f58"
url = "https://github.com/jdx/hk/releases/download/v1.44.1/hk-x86_64-pc-windows-msvc.zip"

[[tools.ruby]]
version = "4.0.3"
backend = "core:ruby"

[tools.ruby."platforms.linux-arm64"]
checksum = "sha256:c91d89d625d63bb3b715a85100fcfab136493989a955fc49a872ec62634a172d"
url = "https://github.com/jdx/ruby/releases/download/4.0.3-1/ruby-4.0.3.arm64_linux.tar.gz"
provenance = "github-attestations"

[tools.ruby."platforms.linux-arm64-musl"]
checksum = "sha256:c91d89d625d63bb3b715a85100fcfab136493989a955fc49a872ec62634a172d"
url = "https://github.com/jdx/ruby/releases/download/4.0.3-1/ruby-4.0.3.arm64_linux.tar.gz"
provenance = "github-attestations"

[tools.ruby."platforms.linux-x64"]
checksum = "sha256:becd14e477a1b32a37a86be6fd8b0980f276d8c365b122c0ff4c644beb8991f8"
url = "https://github.com/jdx/ruby/releases/download/4.0.3-1/ruby-4.0.3.x86_64_linux.tar.gz"
provenance = "github-attestations"

[tools.ruby."platforms.linux-x64-musl"]
checksum = "sha256:becd14e477a1b32a37a86be6fd8b0980f276d8c365b122c0ff4c644beb8991f8"
url = "https://github.com/jdx/ruby/releases/download/4.0.3-1/ruby-4.0.3.x86_64_linux.tar.gz"
provenance = "github-attestations"

[tools.ruby."platforms.macos-arm64"]
checksum = "sha256:aafcce49654b91b78e5bc6c0cb1d6973b3ded260aeba21948ba1db5fe3038489"
url = "https://github.com/jdx/ruby/releases/download/4.0.3-1/ruby-4.0.3.macos.tar.gz"
provenance = "github-attestations"

[tools.ruby."platforms.macos-x64"]
checksum = "sha256:77964acc370d5c8375b9502e5ba6c13c03ef91ab9eb9f521c84fb42b9c9a6b0f"
url = "https://cache.ruby-lang.org/pub/ruby/4.0/ruby-4.0.3.tar.gz"

[tools.ruby."platforms.windows-x64"]
checksum = "sha256:a4094317397511e09242be1c95b32c8700fe91ebca713fb4e190de595eea5699"
url = "https://github.com/oneclick/rubyinstaller2/releases/download/RubyInstaller-4.0.3-1/rubyinstaller-4.0.3-1-x64.7z"
